// !$*UTF8*$!
{
	archiveVersion = 1;
	classes = {
	};
	objectVersion = 56;
	objects = {

/* Begin PBXBuildFile section */
		88BE91F12C928A5C00DF680E /* AppDelegate.swift in Sources */ = {isa = PBXBuildFile; fileRef = 88BE91F02C928A5C00DF680E /* AppDelegate.swift */; };
		88BE91F32C928A5C00DF680E /* SceneDelegate.swift in Sources */ = {isa = PBXBuildFile; fileRef = 88BE91F22C928A5C00DF680E /* SceneDelegate.swift */; };
		88BE91F52C928A5C00DF680E /* ViewController.swift in Sources */ = {isa = PBXBuildFile; fileRef = 88BE91F42C928A5C00DF680E /* ViewController.swift */; };
		88BE91F82C928A5C00DF680E /* Base in Resources */ = {isa = PBXBuildFile; fileRef = 88BE91F72C928A5C00DF680E /* Base */; };
		88BE91FA2C928A5D00DF680E /* Assets.xcassets in Resources */ = {isa = PBXBuildFile; fileRef = 88BE91F92C928A5D00DF680E /* Assets.xcassets */; };
		88BE91FD2C928A5D00DF680E /* Base in Resources */ = {isa = PBXBuildFile; fileRef = 88BE91FC2C928A5D00DF680E /* Base */; };
		88BE920F2C928C0200DF680E /* barra.jpg in Resources */ = {isa = PBXBuildFile; fileRef = 88BE92042C928C0200DF680E /* barra.jpg */; };
		88BE92102C928C0200DF680E /* Cinépolis.png in Resources */ = {isa = PBXBuildFile; fileRef = 88BE92052C928C0200DF680E /* Cinépolis.png */; };
		88BE92112C928C0200DF680E /* pelicula1cartel.jpg in Resources */ = {isa = PBXBuildFile; fileRef = 88BE92062C928C0200DF680E /* pelicula1cartel.jpg */; };
		88BE92122C928C0200DF680E /* pelicula1sinopsisq.jpg in Resources */ = {isa = PBXBuildFile; fileRef = 88BE92072C928C0200DF680E /* pelicula1sinopsisq.jpg */; };
		88BE92132C928C0200DF680E /* pelicula2cartel.jpg in Resources */ = {isa = PBXBuildFile; fileRef = 88BE92082C928C0200DF680E /* pelicula2cartel.jpg */; };
		88BE92142C928C0200DF680E /* pelicula2sinopsis.jpg in Resources */ = {isa = PBXBuildFile; fileRef = 88BE92092C928C0200DF680E /* pelicula2sinopsis.jpg */; };
		88BE92152C928C0200DF680E /* pelicula3cartel.jpg in Resources */ = {isa = PBXBuildFile; fileRef = 88BE920A2C928C0200DF680E /* pelicula3cartel.jpg */; };
		88BE92162C928C0200DF680E /* pelicula3sinopsis.jpg in Resources */ = {isa = PBXBuildFile; fileRef = 88BE920B2C928C0200DF680E /* pelicula3sinopsis.jpg */; };
		88BE92172C928C0200DF680E /* pelicula4cartel.jpg in Resources */ = {isa = PBXBuildFile; fileRef = 88BE920C2C928C0200DF680E /* pelicula4cartel.jpg */; };
		88BE92182C928C0200DF680E /* pelicula4sinopsis.jpg in Resources */ = {isa = PBXBuildFile; fileRef = 88BE920D2C928C0200DF680E /* pelicula4sinopsis.jpg */; };
/* End PBXBuildFile section */

/* Begin PBXFileReference section */
		88BE91ED2C928A5C00DF680E /* cartelera.app */ = {isa = PBXFileReference; explicitFileType = wrapper.application; includeInIndex = 0; path = cartelera.app; sourceTree = BUILT_PRODUCTS_DIR; };
		88BE91F02C928A5C00DF680E /* AppDelegate.swift */ = {isa = PBXFileReference; lastKnownFileType = sourcecode.swift; path = AppDelegate.swift; sourceTree = "<group>"; };
		88BE91F22C928A5C00DF680E /* SceneDelegate.swift */ = {isa = PBXFileReference; lastKnownFileType = sourcecode.swift; path = SceneDelegate.swift; sourceTree = "<group>"; };
		88BE91F42C928A5C00DF680E /* ViewController.swift */ = {isa = PBXFileReference; lastKnownFileType = sourcecode.swift; path = ViewController.swift; sourceTree = "<group>"; };
		88BE91F72C928A5C00DF680E /* Base */ = {isa = PBXFileReference; lastKnownFileType = file.storyboard; name = Base; path = Base.lproj/Main.storyboard; sourceTree = "<group>"; };
		88BE91F92C928A5D00DF680E /* Assets.xcassets */ = {isa = PBXFileReference; lastKnownFileType = folder.assetcatalog; path = Assets.xcassets; sourceTree = "<group>"; };
		88BE91FC2C928A5D00DF680E /* Base */ = {isa = PBXFileReference; lastKnownFileType = file.storyboard; name = Base; path = Base.lproj/LaunchScreen.storyboard; sourceTree = "<group>"; };
		88BE91FE2C928A5D00DF680E /* Info.plist */ = {isa = PBXFileReference; lastKnownFileType = text.plist.xml; path = Info.plist; sourceTree = "<group>"; };
		88BE92042C928C0200DF680E /* barra.jpg */ = {isa = PBXFileReference; lastKnownFileType = image.jpeg; path = barra.jpg; sourceTree = "<group>"; };
		88BE92052C928C0200DF680E /* Cinépolis.png */ = {isa = PBXFileReference; lastKnownFileType = image.png; path = "Cinépolis.png"; sourceTree = "<group>"; };
		88BE92062C928C0200DF680E /* pelicula1cartel.jpg */ = {isa = PBXFileReference; lastKnownFileType = image.jpeg; path = pelicula1cartel.jpg; sourceTree = "<group>"; };
		88BE92072C928C0200DF680E /* pelicula1sinopsisq.jpg */ = {isa = PBXFileReference; lastKnownFileType = image.jpeg; path = pelicula1sinopsisq.jpg; sourceTree = "<group>"; };
		88BE92082C928C0200DF680E /* pelicula2cartel.jpg */ = {isa = PBXFileReference; lastKnownFileType = image.jpeg; path = pelicula2cartel.jpg; sourceTree = "<group>"; };
		88BE92092C928C0200DF680E /* pelicula2sinopsis.jpg */ = {isa = PBXFileReference; lastKnownFileType = image.jpeg; path = pelicula2sinopsis.jpg; sourceTree = "<group>"; };
		88BE920A2C928C0200DF680E /* pelicula3cartel.jpg */ = {isa = PBXFileReference; lastKnownFileType = image.jpeg; path = pelicula3cartel.jpg; sourceTree = "<group>"; };
		88BE920B2C928C0200DF680E /* pelicula3sinopsis.jpg */ = {isa = PBXFileReference; lastKnownFileType = image.jpeg; path = pelicula3sinopsis.jpg; sourceTree = "<group>"; };
		88BE920C2C928C0200DF680E /* pelicula4cartel.jpg */ = {isa = PBXFileReference; lastKnownFileType = image.jpeg; path = pelicula4cartel.jpg; sourceTree = "<group>"; };
		88BE920D2C928C0200DF680E /* pelicula4sinopsis.jpg */ = {isa = PBXFileReference; lastKnownFileType = image.jpeg; path = pelicula4sinopsis.jpg; sourceTree = "<group>"; };
/* End PBXFileReference section */

/* Begin PBXFrameworksBuildPhase section */
		88BE91EA2C928A5C00DF680E /* Frameworks */ = {
			isa = PBXFrameworksBuildPhase;
			buildActionMask = 2147483647;
			files = (
			);
			runOnlyForDeploymentPostprocessing = 0;
		};
/* End PBXFrameworksBuildPhase section */

/* Begin PBXGroup section */
		88BE91E42C928A5C00DF680E = {
			isa = PBXGroup;
			children = (
				88BE91EF2C928A5C00DF680E /* cartelera */,
				88BE91EE2C928A5C00DF680E /* Products */,
			);
			sourceTree = "<group>";
		};
		88BE91EE2C928A5C00DF680E /* Products */ = {
			isa = PBXGroup;
			children = (
				88BE91ED2C928A5C00DF680E /* cartelera.app */,
			);
			name = Products;
			sourceTree = "<group>";
		};
		88BE91EF2C928A5C00DF680E /* cartelera */ = {
			isa = PBXGroup;
			children = (
				88BE91F02C928A5C00DF680E /* AppDelegate.swift */,
				88BE91F22C928A5C00DF680E /* SceneDelegate.swift */,
				88BE91F42C928A5C00DF680E /* ViewController.swift */,
				88BE91F62C928A5C00DF680E /* Main.storyboard */,
				88BE920E2C928C0200DF680E /* Images */,
				88BE91F92C928A5D00DF680E /* Assets.xcassets */,
				88BE91FB2C928A5D00DF680E /* LaunchScreen.storyboard */,
				88BE91FE2C928A5D00DF680E /* Info.plist */,
			);
			path = cartelera;
			sourceTree = "<group>";
		};
		88BE920E2C928C0200DF680E /* Images */ = {
			isa = PBXGroup;
			children = (
				88BE92042C928C0200DF680E /* barra.jpg */,
				88BE92052C928C0200DF680E /* Cinépolis.png */,
				88BE92062C928C0200DF680E /* pelicula1cartel.jpg */,
				88BE92072C928C0200DF680E /* pelicula1sinopsisq.jpg */,
				88BE92082C928C0200DF680E /* pelicula2cartel.jpg */,
				88BE92092C928C0200DF680E /* pelicula2sinopsis.jpg */,
				88BE920A2C928C0200DF680E /* pelicula3cartel.jpg */,
				88BE920B2C928C0200DF680E /* pelicula3sinopsis.jpg */,
				88BE920C2C928C0200DF680E /* pelicula4cartel.jpg */,
				88BE920D2C928C0200DF680E /* pelicula4sinopsis.jpg */,
			);
			name = Images;
			path = ../../Images;
			sourceTree = "<group>";
		};
/* End PBXGroup section */

/* Begin PBXNativeTarget section */
		88BE91EC2C928A5C00DF680E /* cartelera */ = {
			isa = PBXNativeTarget;
			buildConfigurationList = 88BE92012C928A5D00DF680E /* Build configuration list for PBXNativeTarget "cartelera" */;
			buildPhases = (
				88BE91E92C928A5C00DF680E /* Sources */,
				88BE91EA2C928A5C00DF680E /* Frameworks */,
				88BE91EB2C928A5C00DF680E /* Resources */,
			);
			buildRules = (
			);
			dependencies = (
			);
			name = cartelera;
			productName = cartelera;
			productReference = 88BE91ED2C928A5C00DF680E /* cartelera.app */;
			productType = "com.apple.product-type.application";
		};
/* End PBXNativeTarget section */

/* Begin PBXProject section */
		88BE91E52C928A5C00DF680E /* Project object */ = {
			isa = PBXProject;
			attributes = {
				BuildIndependentTargetsInParallel = 1;
				LastSwiftUpdateCheck = 1540;
				LastUpgradeCheck = 1540;
				TargetAttributes = {
					88BE91EC2C928A5C00DF680E = {
						CreatedOnToolsVersion = 15.4;
					};
				};
			};
			buildConfigurationList = 88BE91E82C928A5C00DF680E /* Build configuration list for PBXProject "cartelera" */;
			compatibilityVersion = "Xcode 14.0";
			developmentRegion = en;
			hasScannedForEncodings = 0;
			knownRegions = (
				en,
				Base,
			);
			mainGroup = 88BE91E42C928A5C00DF680E;
			productRefGroup = 88BE91EE2C928A5C00DF680E /* Products */;
			projectDirPath = "";
			projectRoot = "";
			targets = (
				88BE91EC2C928A5C00DF680E /* cartelera */,
			);
		};
/* End PBXProject section */

/* Begin PBXResourcesBuildPhase section */
		88BE91EB2C928A5C00DF680E /* Resources */ = {
			isa = PBXResourcesBuildPhase;
			buildActionMask = 2147483647;
			files = (
				88BE92172C928C0200DF680E /* pelicula4cartel.jpg in Resources */,
				88BE920F2C928C0200DF680E /* barra.jpg in Resources */,
				88BE92182C928C0200DF680E /* pelicula4sinopsis.jpg in Resources */,
				88BE92142C928C0200DF680E /* pelicula2sinopsis.jpg in Resources */,
				88BE91FA2C928A5D00DF680E /* Assets.xcassets in Resources */,
				88BE92102C928C0200DF680E /* Cinépolis.png in Resources */,
				88BE92112C928C0200DF680E /* pelicula1cartel.jpg in Resources */,
				88BE91FD2C928A5D00DF680E /* Base in Resources */,
				88BE91F82C928A5C00DF680E /* Base in Resources */,
				88BE92132C928C0200DF680E /* pelicula2cartel.jpg in Resources */,
				88BE92122C928C0200DF680E /* pelicula1sinopsisq.jpg in Resources */,
				88BE92152C928C0200DF680E /* pelicula3cartel.jpg in Resources */,
				88BE92162C928C0200DF680E /* pelicula3sinopsis.jpg in Resources */,
			);
			runOnlyForDeploymentPostprocessing = 0;
		};
/* End PBXResourcesBuildPhase section */

/* Begin PBXSourcesBuildPhase section */
		88BE91E92C928A5C00DF680E /* Sources */ = {
			isa = PBXSourcesBuildPhase;
			buildActionMask = 2147483647;
			files = (
				88BE91F52C928A5C00DF680E /* ViewController.swift in Sources */,
				88BE91F12C928A5C00DF680E /* AppDelegate.swift in Sources */,
				88BE91F32C928A5C00DF680E /* SceneDelegate.swift in Sources */,
			);
			runOnlyForDeploymentPostprocessing = 0;
		};
/* End PBXSourcesBuildPhase section */

/* Begin PBXVariantGroup section */
		88BE91F62C928A5C00DF680E /* Main.storyboard */ = {
			isa = PBXVariantGroup;
			children = (
				88BE91F72C928A5C00DF680E /* Base */,
			);
			name = Main.storyboard;
			sourceTree = "<group>";
		};
		88BE91FB2C928A5D00DF680E /* LaunchScreen.storyboard */ = {
			isa = PBXVariantGroup;
			children = (
				88BE91FC2C928A5D00DF680E /* Base */,
			);
			name = LaunchScreen.storyboard;
			sourceTree = "<group>";
		};
/* End PBXVariantGroup section */

/* Begin XCBuildConfiguration section */
		88BE91FF2C928A5D00DF680E /* Debug */ = {
			isa = XCBuildConfiguration;
			buildSettings = {
				ALWAYS_SEARCH_USER_PATHS = NO;
				ASSETCATALOG_COMPILER_GENERATE_SWIFT_ASSET_SYMBOL_EXTENSIONS = YES;
				CLANG_ANALYZER_NONNULL = YES;
				CLANG_ANALYZER_NUMBER_OBJECT_CONVERSION = YES_AGGRESSIVE;
				CLANG_CXX_LANGUAGE_STANDARD = "gnu++20";
				CLANG_ENABLE_MODULES = YES;
				CLANG_ENABLE_OBJC_ARC = YES;
				CLANG_ENABLE_OBJC_WEAK = YES;
				CLANG_WARN_BLOCK_CAPTURE_AUTORELEASING = YES;
				CLANG_WARN_BOOL_CONVERSION = YES;
				CLANG_WARN_COMMA = YES;
				CLANG_WARN_CONSTANT_CONVERSION = YES;
				CLANG_WARN_DEPRECATED_OBJC_IMPLEMENTATIONS = YES;
				CLANG_WARN_DIRECT_OBJC_ISA_USAGE = YES_ERROR;
				CLANG_WARN_DOCUMENTATION_COMMENTS = YES;
				CLANG_WARN_EMPTY_BODY = YES;
				CLANG_WARN_ENUM_CONVERSION = YES;
				CLANG_WARN_INFINITE_RECURSION = YES;
				CLANG_WARN_INT_CONVERSION = YES;
				CLANG_WARN_NON_LITERAL_NULL_CONVERSION = YES;
				CLANG_WARN_OBJC_IMPLICIT_RETAIN_SELF = YES;
				CLANG_WARN_OBJC_LITERAL_CONVERSION = YES;
				CLANG_WARN_OBJC_ROOT_CLASS = YES_ERROR;
				CLANG_WARN_QUOTED_INCLUDE_IN_FRAMEWORK_HEADER = YES;
				CLANG_WARN_RANGE_LOOP_ANALYSIS = YES;
				CLANG_WARN_STRICT_PROTOTYPES = YES;
				CLANG_WARN_SUSPICIOUS_MOVE = YES;
				CLANG_WARN_UNGUARDED_AVAILABILITY = YES_AGGRESSIVE;
				CLANG_WARN_UNREACHABLE_CODE = YES;
				CLANG_WARN__DUPLICATE_METHOD_MATCH = YES;
				COPY_PHASE_STRIP = NO;
				DEBUG_INFORMATION_FORMAT = dwarf;
				ENABLE_STRICT_OBJC_MSGSEND = YES;
				ENABLE_TESTABILITY = YES;
				ENABLE_USER_SCRIPT_SANDBOXING = YES;
				GCC_C_LANGUAGE_STANDARD = gnu17;
				GCC_DYNAMIC_NO_PIC = NO;
				GCC_NO_COMMON_BLOCKS = YES;
				GCC_OPTIMIZATION_LEVEL = 0;
				GCC_PREPROCESSOR_DEFINITIONS = (
					"DEBUG=1",
					"$(inherited)",
				);
				GCC_WARN_64_TO_32_BIT_CONVERSION = YES;
				GCC_WARN_ABOUT_RETURN_TYPE = YES_ERROR;
				GCC_WARN_UNDECLARED_SELECTOR = YES;
				GCC_WARN_UNINITIALIZED_AUTOS = YES_AGGRESSIVE;
				GCC_WARN_UNUSED_FUNCTION = YES;
				GCC_WARN_UNUSED_VARIABLE = YES;
				IPHONEOS_DEPLOYMENT_TARGET = 17.5;
				LOCALIZATION_PREFERS_STRING_CATALOGS = YES;
				MTL_ENABLE_DEBUG_INFO = INCLUDE_SOURCE;
				MTL_FAST_MATH = YES;
				ONLY_ACTIVE_ARCH = YES;
				SDKROOT = iphoneos;
				SWIFT_ACTIVE_COMPILATION_CONDITIONS = "DEBUG $(inherited)";
				SWIFT_OPTIMIZATION_LEVEL = "-Onone";
			};
			name = Debug;
		};
		88BE92002C928A5D00DF680E /* Release */ = {
			isa = XCBuildConfiguration;
			buildSettings = {
				ALWAYS_SEARCH_USER_PATHS = NO;
				ASSETCATALOG_COMPILER_GENERATE_SWIFT_ASSET_SYMBOL_EXTENSIONS = YES;
				CLANG_ANALYZER_NONNULL = YES;
				CLANG_ANALYZER_NUMBER_OBJECT_CONVERSION = YES_AGGRESSIVE;
				CLANG_CXX_LANGUAGE_STANDARD = "gnu++20";
				CLANG_ENABLE_MODULES = YES;
				CLANG_ENABLE_OBJC_ARC = YES;
				CLANG_ENABLE_OBJC_WEAK = YES;
				CLANG_WARN_BLOCK_CAPTURE_AUTORELEASING = YES;
				CLANG_WARN_BOOL_CONVERSION = YES;
				CLANG_WARN_COMMA = YES;
				CLANG_WARN_CONSTANT_CONVERSION = YES;
				CLANG_WARN_DEPRECATED_OBJC_IMPLEMENTATIONS = YES;
				CLANG_WARN_DIRECT_OBJC_ISA_USAGE = YES_ERROR;
				CLANG_WARN_DOCUMENTATION_COMMENTS = YES;
				CLANG_WARN_EMPTY_BODY = YES;
				CLANG_WARN_ENUM_CONVERSION = YES;
				CLANG_WARN_INFINITE_RECURSION = YES;
				CLANG_WARN_INT_CONVERSION = YES;
				CLANG_WARN_NON_LITERAL_NULL_CONVERSION = YES;
				CLANG_WARN_OBJC_IMPLICIT_RETAIN_SELF = YES;
				CLANG_WARN_OBJC_LITERAL_CONVERSION = YES;
				CLANG_WARN_OBJC_ROOT_CLASS = YES_ERROR;
				CLANG_WARN_QUOTED_INCLUDE_IN_FRAMEWORK_HEADER = YES;
				CLANG_WARN_RANGE_LOOP_ANALYSIS = YES;
				CLANG_WARN_STRICT_PROTOTYPES = YES;
				CLANG_WARN_SUSPICIOUS_MOVE = YES;
				CLANG_WARN_UNGUARDED_AVAILABILITY = YES_AGGRESSIVE;
				CLANG_WARN_UNREACHABLE_CODE = YES;
				CLANG_WARN__DUPLICATE_METHOD_MATCH = YES;
				COPY_PHASE_STRIP = NO;
				DEBUG_INFORMATION_FORMAT = "dwarf-with-dsym";
				ENABLE_NS_ASSERTIONS = NO;
				ENABLE_STRICT_OBJC_MSGSEND = YES;
				ENABLE_USER_SCRIPT_SANDBOXING = YES;
				GCC_C_LANGUAGE_STANDARD = gnu17;
				GCC_NO_COMMON_BLOCKS = YES;
				GCC_WARN_64_TO_32_BIT_CONVERSION = YES;
				GCC_WARN_ABOUT_RETURN_TYPE = YES_ERROR;
				GCC_WARN_UNDECLARED_SELECTOR = YES;
				GCC_WARN_UNINITIALIZED_AUTOS = YES_AGGRESSIVE;
				GCC_WARN_UNUSED_FUNCTION = YES;
				GCC_WARN_UNUSED_VARIABLE = YES;
				IPHONEOS_DEPLOYMENT_TARGET = 17.5;
				LOCALIZATION_PREFERS_STRING_CATALOGS = YES;
				MTL_ENABLE_DEBUG_INFO = NO;
				MTL_FAST_MATH = YES;
				SDKROOT = iphoneos;
				SWIFT_COMPILATION_MODE = wholemodule;
				VALIDATE_PRODUCT = YES;
			};
			name = Release;
		};
		88BE92022C928A5D00DF680E /* Debug */ = {
			isa = XCBuildConfiguration;
			buildSettings = {
				ASSETCATALOG_COMPILER_APPICON_NAME = AppIcon;
				ASSETCATALOG_COMPILER_GLOBAL_ACCENT_COLOR_NAME = AccentColor;
				CODE_SIGN_STYLE = Automatic;
				CURRENT_PROJECT_VERSION = 1;
				DEVELOPMENT_TEAM = R84BK75L55;
				GENERATE_INFOPLIST_FILE = YES;
				INFOPLIST_FILE = cartelera/Info.plist;
				INFOPLIST_KEY_UIApplicationSupportsIndirectInputEvents = YES;
				INFOPLIST_KEY_UILaunchStoryboardName = LaunchScreen;
				INFOPLIST_KEY_UIMainStoryboardFile = Main;
				INFOPLIST_KEY_UISupportedInterfaceOrientations_iPad = "UIInterfaceOrientationPortrait UIInterfaceOrientationPortraitUpsideDown UIInterfaceOrientationLandscapeLeft UIInterfaceOrientationLandscapeRight";
				INFOPLIST_KEY_UISupportedInterfaceOrientations_iPhone = "UIInterfaceOrientationPortrait UIInterfaceOrientationLandscapeLeft UIInterfaceOrientationLandscapeRight";
				IPHONEOS_DEPLOYMENT_TARGET = 14.1;
				LD_RUNPATH_SEARCH_PATHS = (
					"$(inherited)",
					"@executable_path/Frameworks",
				);
				MARKETING_VERSION = 1.0;
				PRODUCT_BUNDLE_IDENTIFIER = UTT.cartelera;
				PRODUCT_NAME = "$(TARGET_NAME)";
				SUPPORTED_PLATFORMS = "iphoneos iphonesimulator";
				SUPPORTS_MACCATALYST = NO;
				SUPPORTS_MAC_DESIGNED_FOR_IPHONE_IPAD = NO;
				SWIFT_EMIT_LOC_STRINGS = YES;
				SWIFT_VERSION = 5.0;
				TARGETED_DEVICE_FAMILY = 1;
			};
			name = Debug;
		};
		88BE92032C928A5D00DF680E /* Release */ = {
			isa = XCBuildConfiguration;
			buildSettings = {
				ASSETCATALOG_COMPILER_APPICON_NAME = AppIcon;
				ASSETCATALOG_COMPILER_GLOBAL_ACCENT_COLOR_NAME = AccentColor;
				CODE_SIGN_STYLE = Automatic;
				CURRENT_PROJECT_VERSION = 1;
				DEVELOPMENT_TEAM = R84BK75L55;
				GENERATE_INFOPLIST_FILE = YES;
				INFOPLIST_FILE = cartelera/Info.plist;
				INFOPLIST_KEY_UIApplicationSupportsIndirectInputEvents = YES;
				INFOPLIST_KEY_UILaunchStoryboardName = LaunchScreen;
				INFOPLIST_KEY_UIMainStoryboardFile = Main;
				INFOPLIST_KEY_UISupportedInterfaceOrientations_iPad = "UIInterfaceOrientationPortrait UIInterfaceOrientationPortraitUpsideDown UIInterfaceOrientationLandscapeLeft UIInterfaceOrientationLandscapeRight";
				INFOPLIST_KEY_UISupportedInterfaceOrientations_iPhone = "UIInterfaceOrientationPortrait UIInterfaceOrientationLandscapeLeft UIInterfaceOrientationLandscapeRight";
				IPHONEOS_DEPLOYMENT_TARGET = 14.1;
				LD_RUNPATH_SEARCH_PATHS = (
					"$(inherited)",
					"@executable_path/Frameworks",
				);
				MARKETING_VERSION = 1.0;
				PRODUCT_BUNDLE_IDENTIFIER = UTT.cartelera;
				PRODUCT_NAME = "$(TARGET_NAME)";
				SUPPORTED_PLATFORMS = "iphoneos iphonesimulator";
				SUPPORTS_MACCATALYST = NO;
				SUPPORTS_MAC_DESIGNED_FOR_IPHONE_IPAD = NO;
				SWIFT_EMIT_LOC_STRINGS = YES;
				SWIFT_VERSION = 5.0;
				TARGETED_DEVICE_FAMILY = 1;
			};
			name = Release;
		};
/* End XCBuildConfiguration section */

/* Begin XCConfigurationList section */
		88BE91E82C928A5C00DF680E /* Build configuration list for PBXProject "cartelera" */ = {
			isa = XCConfigurationList;
			buildConfigurations = (
				88BE91FF2C928A5D00DF680E /* Debug */,
				88BE92002C928A5D00DF680E /* Release */,
			);
			defaultConfigurationIsVisible = 0;
			defaultConfigurationName = Release;
		};
		88BE92012C928A5D00DF680E /* Build configuration list for PBXNativeTarget "cartelera" */ = {
			isa = XCConfigurationList;
			buildConfigurations = (
				88BE92022C928A5D00DF680E /* Debug */,
				88BE92032C928A5D00DF680E /* Release */,
			);
			defaultConfigurationIsVisible = 0;
			defaultConfigurationName = Release;
		};
/* End XCConfigurationList section */
	};
	rootObject = 88BE91E52C928A5C00DF680E /* Project object */;
}
